c2sp.org/CCTV/age v0.0.0-20240306222714-3ec4d716e805 h1:u2qwJeEvnypw+OCPUHmoZE3IqwfuN5kgDfo5MLzpNM0=
c2sp.org/CCTV/age v0.0.0-20240306222714-3ec4d716e805/go.mod h1:FomMrUJ2Lxt5jCLmZkG3FHa72zUprnhd3v/Z18Snm4w=
filippo.io/age v1.2.0 h1:vRDp7pUMaAJzXNIWJVAZnEf/Dyi4Vu4wI8S1LBzufhE=
filippo.io/age v1.2.0/go.mod h1:JL9ew2lTN+Pyft4RiNGguFfOpewKwSHm5ayKD/A4004=
github.com/dbeleon/scr v0.0.0-20240715132825-6aaed75f69c1 h1:8HIYz7B6Ayed5cCU1uNwID8auUjg07LgjoV55XX2K1s=
github.com/dbeleon/scr v0.0.0-20240715132825-6aaed75f69c1/go.mod h1:DZEeMEvfIsBTvcJWQ98frwLQsgQVM8ZNSB7DsZF6Z98=
golang.org/x/crypto v0.25.0 h1:ypSNr+bnYL2YhwoMt2zPxHFmbAN1KZs/njMG3hxUp30=
golang.org/x/crypto v0.25.0/go.mod h1:T+wALwcMOSE0kXgUAnPAHqTLW+XHgcELELW8VaDgm/M=
golang.org/x/sys v0.22.0 h1:RI27ohtqKCnwULzJLqkv897zojh5/DwS/ENaMzUOaWI=
golang.org/x/sys v0.22.0/go.mod h1:/VUhepiaJMQUp4+oa/7Zr1D23ma6VTLIYjOOTFZPUcA=
